// !$*UTF8*$!
{
	archiveVersion = 1;
	classes = {
	};
	objectVersion = 48;
	objects = {

/* Begin PBXBuildFile section */
		74241E301FB0101400C12306 /* AppDelegate.swift in Sources */ = {isa = PBXBuildFile; fileRef = 74241E2F1FB0101400C12306 /* AppDelegate.swift */; };
		74241E321FB0101400C12306 /* Scene.sks in Resources */ = {isa = PBXBuildFile; fileRef = 74241E311FB0101400C12306 /* Scene.sks */; };
		74241E341FB0101400C12306 /* Scene.swift in Sources */ = {isa = PBXBuildFile; fileRef = 74241E331FB0101400C12306 /* Scene.swift */; };
		74241E361FB0101400C12306 /* ViewController.swift in Sources */ = {isa = PBXBuildFile; fileRef = 74241E351FB0101400C12306 /* ViewController.swift */; };
		74241E391FB0101400C12306 /* Main.storyboard in Resources */ = {isa = PBXBuildFile; fileRef = 74241E371FB0101400C12306 /* Main.storyboard */; };
		74241E3B1FB0101400C12306 /* Assets.xcassets in Resources */ = {isa = PBXBuildFile; fileRef = 74241E3A1FB0101400C12306 /* Assets.xcassets */; };
		74241E3E1FB0101400C12306 /* LaunchScreen.storyboard in Resources */ = {isa = PBXBuildFile; fileRef = 74241E3C1FB0101400C12306 /* LaunchScreen.storyboard */; };
		74241E491FB0101400C12306 /* ARKitTestTests.swift in Sources */ = {isa = PBXBuildFile; fileRef = 74241E481FB0101400C12306 /* ARKitTestTests.swift */; };
		74241E541FB0101400C12306 /* ARKitTestUITests.swift in Sources */ = {isa = PBXBuildFile; fileRef = 74241E531FB0101400C12306 /* ARKitTestUITests.swift */; };
		74241E621FB0DC9C00C12306 /* Images.swift in Sources */ = {isa = PBXBuildFile; fileRef = 74241E611FB0DC9C00C12306 /* Images.swift */; };
		7451F9D91FB13B8F008FAEED /* CustomButton.swift in Sources */ = {isa = PBXBuildFile; fileRef = 7451F9D81FB13B8F008FAEED /* CustomButton.swift */; };
/* End PBXBuildFile section */

/* Begin PBXContainerItemProxy section */
		74241E451FB0101400C12306 /* PBXContainerItemProxy */ = {
			isa = PBXContainerItemProxy;
			containerPortal = 74241E241FB0101400C12306 /* Project object */;
			proxyType = 1;
			remoteGlobalIDString = 74241E2B1FB0101400C12306;
			remoteInfo = ARKitTest;
		};
		74241E501FB0101400C12306 /* PBXContainerItemProxy */ = {
			isa = PBXContainerItemProxy;
			containerPortal = 74241E241FB0101400C12306 /* Project object */;
			proxyType = 1;
			remoteGlobalIDString = 74241E2B1FB0101400C12306;
			remoteInfo = ARKitTest;
		};
/* End PBXContainerItemProxy section */

/* Begin PBXFileReference section */
		74241E2C1FB0101400C12306 /* ARKitTest.app */ = {isa = PBXFileReference; explicitFileType = wrapper.application; includeInIndex = 0; path = ARKitTest.app; sourceTree = BUILT_PRODUCTS_DIR; };
		74241E2F1FB0101400C12306 /* AppDelegate.swift */ = {isa = PBXFileReference; lastKnownFileType = sourcecode.swift; path = AppDelegate.swift; sourceTree = "<group>"; };
		74241E311FB0101400C12306 /* Scene.sks */ = {isa = PBXFileReference; lastKnownFileType = file.sks; path = Scene.sks; sourceTree = "<group>"; };
		74241E331FB0101400C12306 /* Scene.swift */ = {isa = PBXFileReference; lastKnownFileType = sourcecode.swift; path = Scene.swift; sourceTree = "<group>"; };
		74241E351FB0101400C12306 /* ViewController.swift */ = {isa = PBXFileReference; lastKnownFileType = sourcecode.swift; path = ViewController.swift; sourceTree = "<group>"; };
		74241E381FB0101400C12306 /* Base */ = {isa = PBXFileReference; lastKnownFileType = file.storyboard; name = Base; path = Base.lproj/Main.storyboard; sourceTree = "<group>"; };
		74241E3A1FB0101400C12306 /* Assets.xcassets */ = {isa = PBXFileReference; lastKnownFileType = folder.assetcatalog; path = Assets.xcassets; sourceTree = "<group>"; };
		74241E3D1FB0101400C12306 /* Base */ = {isa = PBXFileReference; lastKnownFileType = file.storyboard; name = Base; path = Base.lproj/LaunchScreen.storyboard; sourceTree = "<group>"; };
		74241E3F1FB0101400C12306 /* Info.plist */ = {isa = PBXFileReference; lastKnownFileType = text.plist.xml; path = Info.plist; sourceTree = "<group>"; };
		74241E441FB0101400C12306 /* ARKitTestTests.xctest */ = {isa = PBXFileReference; explicitFileType = wrapper.cfbundle; includeInIndex = 0; path = ARKitTestTests.xctest; sourceTree = BUILT_PRODUCTS_DIR; };
		74241E481FB0101400C12306 /* ARKitTestTests.swift */ = {isa = PBXFileReference; lastKnownFileType = sourcecode.swift; path = ARKitTestTests.swift; sourceTree = "<group>"; };
		74241E4A1FB0101400C12306 /* Info.plist */ = {isa = PBXFileReference; lastKnownFileType = text.plist.xml; path = Info.plist; sourceTree = "<group>"; };
		74241E4F1FB0101400C12306 /* ARKitTestUITests.xctest */ = {isa = PBXFileReference; explicitFileType = wrapper.cfbundle; includeInIndex = 0; path = ARKitTestUITests.xctest; sourceTree = BUILT_PRODUCTS_DIR; };
		74241E531FB0101400C12306 /* ARKitTestUITests.swift */ = {isa = PBXFileReference; lastKnownFileType = sourcecode.swift; path = ARKitTestUITests.swift; sourceTree = "<group>"; };
		74241E551FB0101400C12306 /* Info.plist */ = {isa = PBXFileReference; lastKnownFileType = text.plist.xml; path = Info.plist; sourceTree = "<group>"; };
		74241E611FB0DC9C00C12306 /* Images.swift */ = {isa = PBXFileReference; lastKnownFileType = sourcecode.swift; path = Images.swift; sourceTree = "<group>"; };
		7451F9D81FB13B8F008FAEED /* CustomButton.swift */ = {isa = PBXFileReference; lastKnownFileType = sourcecode.swift; path = CustomButton.swift; sourceTree = "<group>"; };
/* End PBXFileReference section */

/* Begin PBXFrameworksBuildPhase section */
		74241E291FB0101400C12306 /* Frameworks */ = {
			isa = PBXFrameworksBuildPhase;
			buildActionMask = 2147483647;
			files = (
			);
			runOnlyForDeploymentPostprocessing = 0;
		};
		74241E411FB0101400C12306 /* Frameworks */ = {
			isa = PBXFrameworksBuildPhase;
			buildActionMask = 2147483647;
			files = (
			);
			runOnlyForDeploymentPostprocessing = 0;
		};
		74241E4C1FB0101400C12306 /* Frameworks */ = {
			isa = PBXFrameworksBuildPhase;
			buildActionMask = 2147483647;
			files = (
			);
			runOnlyForDeploymentPostprocessing = 0;
		};
/* End PBXFrameworksBuildPhase section */

/* Begin PBXGroup section */
		74241E231FB0101400C12306 = {
			isa = PBXGroup;
			children = (
				74241E2E1FB0101400C12306 /* ARKitTest */,
				74241E471FB0101400C12306 /* ARKitTestTests */,
				74241E521FB0101400C12306 /* ARKitTestUITests */,
				74241E2D1FB0101400C12306 /* Products */,
			);
			sourceTree = "<group>";
		};
		74241E2D1FB0101400C12306 /* Products */ = {
			isa = PBXGroup;
			children = (
				74241E2C1FB0101400C12306 /* ARKitTest.app */,
				74241E441FB0101400C12306 /* ARKitTestTests.xctest */,
				74241E4F1FB0101400C12306 /* ARKitTestUITests.xctest */,
			);
			name = Products;
			sourceTree = "<group>";
		};
		74241E2E1FB0101400C12306 /* ARKitTest */ = {
			isa = PBXGroup;
			children = (
				74241E2F1FB0101400C12306 /* AppDelegate.swift */,
				74241E311FB0101400C12306 /* Scene.sks */,
				74241E331FB0101400C12306 /* Scene.swift */,
				74241E351FB0101400C12306 /* ViewController.swift */,
				7451F9D81FB13B8F008FAEED /* CustomButton.swift */,
				74241E371FB0101400C12306 /* Main.storyboard */,
				74241E3A1FB0101400C12306 /* Assets.xcassets */,
				74241E3C1FB0101400C12306 /* LaunchScreen.storyboard */,
				74241E3F1FB0101400C12306 /* Info.plist */,
				74241E611FB0DC9C00C12306 /* Images.swift */,
			);
			path = ARKitTest;
			sourceTree = "<group>";
		};
		74241E471FB0101400C12306 /* ARKitTestTests */ = {
			isa = PBXGroup;
			children = (
				74241E481FB0101400C12306 /* ARKitTestTests.swift */,
				74241E4A1FB0101400C12306 /* Info.plist */,
			);
			path = ARKitTestTests;
			sourceTree = "<group>";
		};
		74241E521FB0101400C12306 /* ARKitTestUITests */ = {
			isa = PBXGroup;
			children = (
				74241E531FB0101400C12306 /* ARKitTestUITests.swift */,
				74241E551FB0101400C12306 /* Info.plist */,
			);
			path = ARKitTestUITests;
			sourceTree = "<group>";
		};
/* End PBXGroup section */

/* Begin PBXNativeTarget section */
		74241E2B1FB0101400C12306 /* ARKitTest */ = {
			isa = PBXNativeTarget;
			buildConfigurationList = 74241E581FB0101400C12306 /* Build configuration list for PBXNativeTarget "ARKitTest" */;
			buildPhases = (
				74241E281FB0101400C12306 /* Sources */,
				74241E291FB0101400C12306 /* Frameworks */,
				74241E2A1FB0101400C12306 /* Resources */,
			);
			buildRules = (
			);
			dependencies = (
			);
			name = ARKitTest;
			productName = ARKitTest;
			productReference = 74241E2C1FB0101400C12306 /* ARKitTest.app */;
			productType = "com.apple.product-type.application";
		};
		74241E431FB0101400C12306 /* ARKitTestTests */ = {
			isa = PBXNativeTarget;
			buildConfigurationList = 74241E5B1FB0101400C12306 /* Build configuration list for PBXNativeTarget "ARKitTestTests" */;
			buildPhases = (
				74241E401FB0101400C12306 /* Sources */,
				74241E411FB0101400C12306 /* Frameworks */,
				74241E421FB0101400C12306 /* Resources */,
			);
			buildRules = (
			);
			dependencies = (
				74241E461FB0101400C12306 /* PBXTargetDependency */,
			);
			name = ARKitTestTests;
			productName = ARKitTestTests;
			productReference = 74241E441FB0101400C12306 /* ARKitTestTests.xctest */;
			productType = "com.apple.product-type.bundle.unit-test";
		};
		74241E4E1FB0101400C12306 /* ARKitTestUITests */ = {
			isa = PBXNativeTarget;
			buildConfigurationList = 74241E5E1FB0101400C12306 /* Build configuration list for PBXNativeTarget "ARKitTestUITests" */;
			buildPhases = (
				74241E4B1FB0101400C12306 /* Sources */,
				74241E4C1FB0101400C12306 /* Frameworks */,
				74241E4D1FB0101400C12306 /* Resources */,
			);
			buildRules = (
			);
			dependencies = (
				74241E511FB0101400C12306 /* PBXTargetDependency */,
			);
			name = ARKitTestUITests;
			productName = ARKitTestUITests;
			productReference = 74241E4F1FB0101400C12306 /* ARKitTestUITests.xctest */;
			productType = "com.apple.product-type.bundle.ui-testing";
		};
/* End PBXNativeTarget section */

/* Begin PBXProject section */
		74241E241FB0101400C12306 /* Project object */ = {
			isa = PBXProject;
			attributes = {
				LastSwiftUpdateCheck = 0920;
				LastUpgradeCheck = 0920;
				ORGANIZATIONNAME = "Charles Dickstein";
				TargetAttributes = {
					74241E2B1FB0101400C12306 = {
						CreatedOnToolsVersion = 9.2;
						ProvisioningStyle = Automatic;
					};
					74241E431FB0101400C12306 = {
						CreatedOnToolsVersion = 9.2;
						ProvisioningStyle = Automatic;
						TestTargetID = 74241E2B1FB0101400C12306;
					};
					74241E4E1FB0101400C12306 = {
						CreatedOnToolsVersion = 9.2;
						ProvisioningStyle = Automatic;
						TestTargetID = 74241E2B1FB0101400C12306;
					};
				};
			};
			buildConfigurationList = 74241E271FB0101400C12306 /* Build configuration list for PBXProject "ARKitTest" */;
			compatibilityVersion = "Xcode 8.0";
			developmentRegion = en;
			hasScannedForEncodings = 0;
			knownRegions = (
				en,
				Base,
			);
			mainGroup = 74241E231FB0101400C12306;
			productRefGroup = 74241E2D1FB0101400C12306 /* Products */;
			projectDirPath = "";
			projectRoot = "";
			targets = (
				74241E2B1FB0101400C12306 /* ARKitTest */,
				74241E431FB0101400C12306 /* ARKitTestTests */,
				74241E4E1FB0101400C12306 /* ARKitTestUITests */,
			);
		};
/* End PBXProject section */

/* Begin PBXResourcesBuildPhase section */
		74241E2A1FB0101400C12306 /* Resources */ = {
			isa = PBXResourcesBuildPhase;
			buildActionMask = 2147483647;
			files = (
				74241E321FB0101400C12306 /* Scene.sks in Resources */,
				74241E3E1FB0101400C12306 /* LaunchScreen.storyboard in Resources */,
				74241E3B1FB0101400C12306 /* Assets.xcassets in Resources */,
				74241E391FB0101400C12306 /* Main.storyboard in Resources */,
			);
			runOnlyForDeploymentPostprocessing = 0;
		};
		74241E421FB0101400C12306 /* Resources */ = {
			isa = PBXResourcesBuildPhase;
			buildActionMask = 2147483647;
			files = (
			);
			runOnlyForDeploymentPostprocessing = 0;
		};
		74241E4D1FB0101400C12306 /* Resources */ = {
			isa = PBXResourcesBuildPhase;
			buildActionMask = 2147483647;
			files = (
			);
			runOnlyForDeploymentPostprocessing = 0;
		};
/* End PBXResourcesBuildPhase section */

/* Begin PBXSourcesBuildPhase section */
		74241E281FB0101400C12306 /* Sources */ = {
			isa = PBXSourcesBuildPhase;
			buildActionMask = 2147483647;
			files = (
				74241E361FB0101400C12306 /* ViewController.swift in Sources */,
				74241E621FB0DC9C00C12306 /* Images.swift in Sources */,
				74241E341FB0101400C12306 /* Scene.swift in Sources */,
				74241E301FB0101400C12306 /* AppDelegate.swift in Sources */,
				7451F9D91FB13B8F008FAEED /* CustomButton.swift in Sources */,
			);
			runOnlyForDeploymentPostprocessing = 0;
		};
		74241E401FB0101400C12306 /* Sources */ = {
			isa = PBXSourcesBuildPhase;
			buildActionMask = 2147483647;
			files = (
				74241E491FB0101400C12306 /* ARKitTestTests.swift in Sources */,
			);
			runOnlyForDeploymentPostprocessing = 0;
		};
		74241E4B1FB0101400C12306 /* Sources */ = {
			isa = PBXSourcesBuildPhase;
			buildActionMask = 2147483647;
			files = (
				74241E541FB0101400C12306 /* ARKitTestUITests.swift in Sources */,
			);
			runOnlyForDeploymentPostprocessing = 0;
		};
/* End PBXSourcesBuildPhase section */

/* Begin PBXTargetDependency section */
		74241E461FB0101400C12306 /* PBXTargetDependency */ = {
			isa = PBXTargetDependency;
			target = 74241E2B1FB0101400C12306 /* ARKitTest */;
			targetProxy = 74241E451FB0101400C12306 /* PBXContainerItemProxy */;
		};
		74241E511FB0101400C12306 /* PBXTargetDependency */ = {
			isa = PBXTargetDependency;
			target = 74241E2B1FB0101400C12306 /* ARKitTest */;
			targetProxy = 74241E501FB0101400C12306 /* PBXContainerItemProxy */;
		};
/* End PBXTargetDependency section */

/* Begin PBXVariantGroup section */
		74241E371FB0101400C12306 /* Main.storyboard */ = {
			isa = PBXVariantGroup;
			children = (
				74241E381FB0101400C12306 /* Base */,
			);
			name = Main.storyboard;
			sourceTree = "<group>";
		};
		74241E3C1FB0101400C12306 /* LaunchScreen.storyboard */ = {
			isa = PBXVariantGroup;
			children = (
				74241E3D1FB0101400C12306 /* Base */,
			);
			name = LaunchScreen.storyboard;
			sourceTree = "<group>";
		};
/* End PBXVariantGroup section */

/* Begin XCBuildConfiguration section */
		74241E561FB0101400C12306 /* Debug */ = {
			isa = XCBuildConfiguration;
			buildSettings = {
				ALWAYS_SEARCH_USER_PATHS = NO;
				CLANG_ANALYZER_NONNULL = YES;
				CLANG_ANALYZER_NUMBER_OBJECT_CONVERSION = YES_AGGRESSIVE;
				CLANG_CXX_LANGUAGE_STANDARD = "gnu++14";
				CLANG_CXX_LIBRARY = "libc++";
				CLANG_ENABLE_MODULES = YES;
				CLANG_ENABLE_OBJC_ARC = YES;
				CLANG_WARN_BLOCK_CAPTURE_AUTORELEASING = YES;
				CLANG_WARN_BOOL_CONVERSION = YES;
				CLANG_WARN_COMMA = YES;
				CLANG_WARN_CONSTANT_CONVERSION = YES;
				CLANG_WARN_DIRECT_OBJC_ISA_USAGE = YES_ERROR;
				CLANG_WARN_DOCUMENTATION_COMMENTS = YES;
				CLANG_WARN_EMPTY_BODY = YES;
				CLANG_WARN_ENUM_CONVERSION = YES;
				CLANG_WARN_INFINITE_RECURSION = YES;
				CLANG_WARN_INT_CONVERSION = YES;
				CLANG_WARN_NON_LITERAL_NULL_CONVERSION = YES;
				CLANG_WARN_OBJC_LITERAL_CONVERSION = YES;
				CLANG_WARN_OBJC_ROOT_CLASS = YES_ERROR;
				CLANG_WARN_RANGE_LOOP_ANALYSIS = YES;
				CLANG_WARN_STRICT_PROTOTYPES = YES;
				CLANG_WARN_SUSPICIOUS_MOVE = YES;
				CLANG_WARN_UNGUARDED_AVAILABILITY = YES_AGGRESSIVE;
				CLANG_WARN_UNREACHABLE_CODE = YES;
				CLANG_WARN__DUPLICATE_METHOD_MATCH = YES;
				CODE_SIGN_IDENTITY = "iPhone Developer";
				COPY_PHASE_STRIP = NO;
				DEBUG_INFORMATION_FORMAT = dwarf;
				ENABLE_STRICT_OBJC_MSGSEND = YES;
				ENABLE_TESTABILITY = YES;
				GCC_C_LANGUAGE_STANDARD = gnu11;
				GCC_DYNAMIC_NO_PIC = NO;
				GCC_NO_COMMON_BLOCKS = YES;
				GCC_OPTIMIZATION_LEVEL = 0;
				GCC_PREPROCESSOR_DEFINITIONS = (
					"DEBUG=1",
					"$(inherited)",
				);
				GCC_WARN_64_TO_32_BIT_CONVERSION = YES;
				GCC_WARN_ABOUT_RETURN_TYPE = YES_ERROR;
				GCC_WARN_UNDECLARED_SELECTOR = YES;
				GCC_WARN_UNINITIALIZED_AUTOS = YES_AGGRESSIVE;
				GCC_WARN_UNUSED_FUNCTION = YES;
				GCC_WARN_UNUSED_VARIABLE = YES;
				IPHONEOS_DEPLOYMENT_TARGET = 11.2;
				MTL_ENABLE_DEBUG_INFO = YES;
				ONLY_ACTIVE_ARCH = YES;
				SDKROOT = iphoneos;
				SWIFT_ACTIVE_COMPILATION_CONDITIONS = DEBUG;
				SWIFT_OPTIMIZATION_LEVEL = "-Onone";
			};
			name = Debug;
		};
		74241E571FB0101400C12306 /* Release */ = {
			isa = XCBuildConfiguration;
			buildSettings = {
				ALWAYS_SEARCH_USER_PATHS = NO;
				CLANG_ANALYZER_NONNULL = YES;
				CLANG_ANALYZER_NUMBER_OBJECT_CONVERSION = YES_AGGRESSIVE;
				CLANG_CXX_LANGUAGE_STANDARD = "gnu++14";
				CLANG_CXX_LIBRARY = "libc++";
				CLANG_ENABLE_MODULES = YES;
				CLANG_ENABLE_OBJC_ARC = YES;
				CLANG_WARN_BLOCK_CAPTURE_AUTORELEASING = YES;
				CLANG_WARN_BOOL_CONVERSION = YES;
				CLANG_WARN_COMMA = YES;
				CLANG_WARN_CONSTANT_CONVERSION = YES;
				CLANG_WARN_DIRECT_OBJC_ISA_USAGE = YES_ERROR;
				CLANG_WARN_DOCUMENTATION_COMMENTS = YES;
				CLANG_WARN_EMPTY_BODY = YES;
				CLANG_WARN_ENUM_CONVERSION = YES;
				CLANG_WARN_INFINITE_RECURSION = YES;
				CLANG_WARN_INT_CONVERSION = YES;
				CLANG_WARN_NON_LITERAL_NULL_CONVERSION = YES;
				CLANG_WARN_OBJC_LITERAL_CONVERSION = YES;
				CLANG_WARN_OBJC_ROOT_CLASS = YES_ERROR;
				CLANG_WARN_RANGE_LOOP_ANALYSIS = YES;
				CLANG_WARN_STRICT_PROTOTYPES = YES;
				CLANG_WARN_SUSPICIOUS_MOVE = YES;
				CLANG_WARN_UNGUARDED_AVAILABILITY = YES_AGGRESSIVE;
				CLANG_WARN_UNREACHABLE_CODE = YES;
				CLANG_WARN__DUPLICATE_METHOD_MATCH = YES;
				CODE_SIGN_IDENTITY = "iPhone Developer";
				COPY_PHASE_STRIP = NO;
				DEBUG_INFORMATION_FORMAT = "dwarf-with-dsym";
				ENABLE_NS_ASSERTIONS = NO;
				ENABLE_STRICT_OBJC_MSGSEND = YES;
				GCC_C_LANGUAGE_STANDARD = gnu11;
				GCC_NO_COMMON_BLOCKS = YES;
				GCC_WARN_64_TO_32_BIT_CONVERSION = YES;
				GCC_WARN_ABOUT_RETURN_TYPE = YES_ERROR;
				GCC_WARN_UNDECLARED_SELECTOR = YES;
				GCC_WARN_UNINITIALIZED_AUTOS = YES_AGGRESSIVE;
				GCC_WARN_UNUSED_FUNCTION = YES;
				GCC_WARN_UNUSED_VARIABLE = YES;
				IPHONEOS_DEPLOYMENT_TARGET = 11.2;
				MTL_ENABLE_DEBUG_INFO = NO;
				SDKROOT = iphoneos;
				SWIFT_OPTIMIZATION_LEVEL = "-Owholemodule";
				VALIDATE_PRODUCT = YES;
			};
			name = Release;
		};
		74241E591FB0101400C12306 /* Debug */ = {
			isa = XCBuildConfiguration;
			buildSettings = {
				ASSETCATALOG_COMPILER_APPICON_NAME = AppIcon;
				CODE_SIGN_STYLE = Automatic;
				DEVELOPMENT_TEAM = Y2SV3DRQ4U;
				INFOPLIST_FILE = ARKitTest/Info.plist;
				LD_RUNPATH_SEARCH_PATHS = "$(inherited) @executable_path/Frameworks";
				PRODUCT_BUNDLE_IDENTIFIER = IOSProgramming.ARKitTest;
				PRODUCT_NAME = "$(TARGET_NAME)";
				SWIFT_VERSION = 4.0;
				TARGETED_DEVICE_FAMILY = "1,2";
			};
			name = Debug;
		};
		74241E5A1FB0101400C12306 /* Release */ = {
			isa = XCBuildConfiguration;
			buildSettings = {
				ASSETCATALOG_COMPILER_APPICON_NAME = AppIcon;
				CODE_SIGN_STYLE = Automatic;
				DEVELOPMENT_TEAM = Y2SV3DRQ4U;
				INFOPLIST_FILE = ARKitTest/Info.plist;
				LD_RUNPATH_SEARCH_PATHS = "$(inherited) @executable_path/Frameworks";
				PRODUCT_BUNDLE_IDENTIFIER = IOSProgramming.ARKitTest;
				PRODUCT_NAME = "$(TARGET_NAME)";
				SWIFT_VERSION = 4.0;
				TARGETED_DEVICE_FAMILY = "1,2";
			};
			name = Release;
		};
		74241E5C1FB0101400C12306 /* Debug */ = {
			isa = XCBuildConfiguration;
			buildSettings = {
				ALWAYS_EMBED_SWIFT_STANDARD_LIBRARIES = YES;
				BUNDLE_LOADER = "$(TEST_HOST)";
				CODE_SIGN_STYLE = Automatic;
				DEVELOPMENT_TEAM = Y2SV3DRQ4U;
				INFOPLIST_FILE = ARKitTestTests/Info.plist;
				LD_RUNPATH_SEARCH_PATHS = "$(inherited) @executable_path/Frameworks @loader_path/Frameworks";
				PRODUCT_BUNDLE_IDENTIFIER = IOSProgramming.ARKitTestTests;
				PRODUCT_NAME = "$(TARGET_NAME)";
				SWIFT_VERSION = 4.0;
				TARGETED_DEVICE_FAMILY = "1,2";
				TEST_HOST = "$(BUILT_PRODUCTS_DIR)/ARKitTest.app/ARKitTest";
			};
			name = Debug;
		};
		74241E5D1FB0101400C12306 /* Release */ = {
			isa = XCBuildConfiguration;
			buildSettings = {
				ALWAYS_EMBED_SWIFT_STANDARD_LIBRARIES = YES;
				BUNDLE_LOADER = "$(TEST_HOST)";
				CODE_SIGN_STYLE = Automatic;
				DEVELOPMENT_TEAM = Y2SV3DRQ4U;
				INFOPLIST_FILE = ARKitTestTests/Info.plist;
				LD_RUNPATH_SEARCH_PATHS = "$(inherited) @executable_path/Frameworks @loader_path/Frameworks";
				PRODUCT_BUNDLE_IDENTIFIER = IOSProgramming.ARKitTestTests;
				PRODUCT_NAME = "$(TARGET_NAME)";
				SWIFT_VERSION = 4.0;
				TARGETED_DEVICE_FAMILY = "1,2";
				TEST_HOST = "$(BUILT_PRODUCTS_DIR)/ARKitTest.app/ARKitTest";
			};
			name = Release;
		};
		74241E5F1FB0101400C12306 /* Debug */ = {
			isa = XCBuildConfiguration;
			buildSettings = {
				ALWAYS_EMBED_SWIFT_STANDARD_LIBRARIES = YES;
				CODE_SIGN_STYLE = Automatic;
				DEVELOPMENT_TEAM = Y2SV3DRQ4U;
				INFOPLIST_FILE = ARKitTestUITests/Info.plist;
				LD_RUNPATH_SEARCH_PATHS = "$(inherited) @executable_path/Frameworks @loader_path/Frameworks";
				PRODUCT_BUNDLE_IDENTIFIER = IOSProgramming.ARKitTestUITests;
				PRODUCT_NAME = "$(TARGET_NAME)";
				SWIFT_VERSION = 4.0;
				TARGETED_DEVICE_FAMILY = "1,2";
				TEST_TARGET_NAME = ARKitTest;
			};
			name = Debug;
		};
		74241E601FB0101400C12306 /* Release */ = {
			isa = XCBuildConfiguration;
			buildSettings = {
				ALWAYS_EMBED_SWIFT_STANDARD_LIBRARIES = YES;
				CODE_SIGN_STYLE = Automatic;
				DEVELOPMENT_TEAM = Y2SV3DRQ4U;
				INFOPLIST_FILE = ARKitTestUITests/Info.plist;
				LD_RUNPATH_SEARCH_PATHS = "$(inherited) @executable_path/Frameworks @loader_path/Frameworks";
				PRODUCT_BUNDLE_IDENTIFIER = IOSProgramming.ARKitTestUITests;
				PRODUCT_NAME = "$(TARGET_NAME)";
				SWIFT_VERSION = 4.0;
				TARGETED_DEVICE_FAMILY = "1,2";
				TEST_TARGET_NAME = ARKitTest;
			};
			name = Release;
		};
/* End XCBuildConfiguration section */

/* Begin XCConfigurationList section */
		74241E271FB0101400C12306 /* Build configuration list for PBXProject "ARKitTest" */ = {
			isa = XCConfigurationList;
			buildConfigurations = (
				74241E561FB0101400C12306 /* Debug */,
				74241E571FB0101400C12306 /* Release */,
			);
			defaultConfigurationIsVisible = 0;
			defaultConfigurationName = Release;
		};
		74241E581FB0101400C12306 /* Build configuration list for PBXNativeTarget "ARKitTest" */ = {
			isa = XCConfigurationList;
			buildConfigurations = (
				74241E591FB0101400C12306 /* Debug */,
				74241E5A1FB0101400C12306 /* Release */,
			);
			defaultConfigurationIsVisible = 0;
			defaultConfigurationName = Release;
		};
		74241E5B1FB0101400C12306 /* Build configuration list for PBXNativeTarget "ARKitTestTests" */ = {
			isa = XCConfigurationList;
			buildConfigurations = (
				74241E5C1FB0101400C12306 /* Debug */,
				74241E5D1FB0101400C12306 /* Release */,
			);
			defaultConfigurationIsVisible = 0;
			defaultConfigurationName = Release;
		};
		74241E5E1FB0101400C12306 /* Build configuration list for PBXNativeTarget "ARKitTestUITests" */ = {
			isa = XCConfigurationList;
			buildConfigurations = (
				74241E5F1FB0101400C12306 /* Debug */,
				74241E601FB0101400C12306 /* Release */,
			);
			defaultConfigurationIsVisible = 0;
			defaultConfigurationName = Release;
		};
/* End XCConfigurationList section */
	};
	rootObject = 74241E241FB0101400C12306 /* Project object */;
}
